
Microsoft Visual Studio Solution File, Format Version 12.00
# Visual Studio Version 17
VisualStudioVersion = 17.10.35013.160
MinimumVisualStudioVersion = 10.0.40219.1
Project("{FAE04EC0-301F-11D3-BF4B-00C04F79EFBC}") = "Santander.CodeTest", "Santander.CodeTest\Santander.CodeTest.csproj", "{F5D26ED3-5D8D-466C-8AA5-9FC3EADD100B}"
EndProject
Global
	GlobalSection(SolutionConfigurationPlatforms) = preSolution
		Debug|Any CPU = Debug|Any CPU
		Release|Any CPU = Release|Any CPU
	EndGlobalSection
	GlobalSection(ProjectConfigurationPlatforms) = postSolution
		{F5D26ED3-5D8D-466C-8AA5-9FC3EADD100B}.Debug|Any CPU.ActiveCfg = Debug|Any CPU
		{F5D26ED3-5D8D-466C-8AA5-9FC3EADD100B}.Debug|Any CPU.Build.0 = Debug|Any CPU
		{F5D26ED3-5D8D-466C-8AA5-9FC3EADD100B}.Release|Any CPU.ActiveCfg = Release|Any CPU
		{F5D26ED3-5D8D-466C-8AA5-9FC3EADD100B}.Release|Any CPU.Build.0 = Release|Any CPU
	EndGlobalSection
	GlobalSection(SolutionProperties) = preSolution
		HideSolutionNode = FALSE
	EndGlobalSection
	GlobalSection(ExtensibilityGlobals) = postSolution
		SolutionGuid = {8605DB43-B13A-4B3E-9E86-D6B06E23DDE6}
	EndGlobalSection
EndGlobal
